
Microsoft Visual Studio Solution File, Format Version 12.00
# Visual Studio 14
VisualStudioVersion = 14.0.25420.1
MinimumVisualStudioVersion = 10.0.40219.1
Project("{8BC9CEB8-8B4A-11D0-8D11-00A0C91BC942}") = "DreamWolrd", "MyDream\DreamWorld.vcxproj", "{5B997CDC-F741-4050-910F-97B023ADACFC}"
EndProject
Project("{8BC9CEB8-8B4A-11D0-8D11-00A0C91BC942}") = "DreamPainter", "DreamPainter\DreamPainter.vcxproj", "{4E3D98C5-0AD9-495C-9BBC-F0D8532DCAEF}"
EndProject
Global
	GlobalSection(SolutionConfigurationPlatforms) = preSolution
		Debug|x64 = Debug|x64
		Debug|x86 = Debug|x86
		Release|x64 = Release|x64
		Release|x86 = Release|x86
	EndGlobalSection
	GlobalSection(ProjectConfigurationPlatforms) = postSolution
		{5B997CDC-F741-4050-910F-97B023ADACFC}.Debug|x64.ActiveCfg = Debug|x64
		{5B997CDC-F741-4050-910F-97B023ADACFC}.Debug|x64.Build.0 = Debug|x64
		{5B997CDC-F741-4050-910F-97B023ADACFC}.Debug|x86.ActiveCfg = Debug|Win32
		{5B997CDC-F741-4050-910F-97B023ADACFC}.Debug|x86.Build.0 = Debug|Win32
		{5B997CDC-F741-4050-910F-97B023ADACFC}.Release|x64.ActiveCfg = Release|x64
		{5B997CDC-F741-4050-910F-97B023ADACFC}.Release|x64.Build.0 = Release|x64
		{5B997CDC-F741-4050-910F-97B023ADACFC}.Release|x86.ActiveCfg = Release|Win32
		{5B997CDC-F741-4050-910F-97B023ADACFC}.Release|x86.Build.0 = Release|Win32
		{4E3D98C5-0AD9-495C-9BBC-F0D8532DCAEF}.Debug|x64.ActiveCfg = Debug|x64
		{4E3D98C5-0AD9-495C-9BBC-F0D8532DCAEF}.Debug|x64.Build.0 = Debug|x64
		{4E3D98C5-0AD9-495C-9BBC-F0D8532DCAEF}.Debug|x86.ActiveCfg = Debug|Win32
		{4E3D98C5-0AD9-495C-9BBC-F0D8532DCAEF}.Debug|x86.Build.0 = Debug|Win32
		{4E3D98C5-0AD9-495C-9BBC-F0D8532DCAEF}.Release|x64.ActiveCfg = Release|x64
		{4E3D98C5-0AD9-495C-9BBC-F0D8532DCAEF}.Release|x64.Build.0 = Release|x64
		{4E3D98C5-0AD9-495C-9BBC-F0D8532DCAEF}.Release|x86.ActiveCfg = Release|Win32
		{4E3D98C5-0AD9-495C-9BBC-F0D8532DCAEF}.Release|x86.Build.0 = Release|Win32
	EndGlobalSection
	GlobalSection(SolutionProperties) = preSolution
		HideSolutionNode = FALSE
	EndGlobalSection
EndGlobal
